lockVersion: 2.0.0
id: 6df5dec4-6d34-4c07-99f4-b36e64bbb781
management:
  docChecksum: 0778df831846bbd1e212877224df3ab6
  docVersion: 1.0.0
  speakeasyVersion: 1.330.0
  generationVersion: 2.361.10
  releaseVersion: 0.4.1
  configChecksum: 2e3adb05c5edba5c6de7f78c6f30bfd6
features:
  terraform:
    additionalDependencies: 0.1.0
    additionalProperties: 0.1.2
    constsAndDefaults: 0.1.4
    core: 3.23.3
    deprecations: 2.81.1
    globalSecurity: 2.81.6
    globalServerURLs: 2.82.1
    inputOutputModels: 2.83.0
    retries: 2.81.1
    unions: 2.81.15
generatedFiles:
  - internal/sdk/executions.go
  - internal/sdk/flows.go
  - internal/sdk/sdk.go
  - internal/sdk/models/errors/sdkerror.go
  - internal/sdk/retry/config.go
  - internal/sdk/types/bigint.go
  - internal/sdk/types/date.go
  - internal/sdk/types/datetime.go
  - internal/sdk/types/decimal.go
  - internal/sdk/types/pointers.go
  - internal/sdk/internal/utils/contenttype.go
  - internal/sdk/internal/utils/form.go
  - internal/sdk/internal/utils/headers.go
  - internal/sdk/internal/utils/json.go
  - internal/sdk/internal/utils/pathparams.go
  - internal/sdk/internal/utils/queryparams.go
  - internal/sdk/internal/utils/requestbody.go
  - internal/sdk/internal/utils/retries.go
  - internal/sdk/internal/utils/security.go
  - internal/sdk/internal/utils/utils.go
  - internal/sdk/models/operations/cancelexecution.go
  - internal/sdk/models/operations/getexecution.go
  - internal/sdk/models/operations/getexecutions.go
  - internal/sdk/models/operations/resumeexecutionwithtoken.go
  - internal/sdk/models/operations/retriggeraction.go
  - internal/sdk/models/operations/startexecution.go
  - internal/sdk/models/operations/createflow.go
  - internal/sdk/models/operations/deleteflow.go
  - internal/sdk/models/operations/getflow.go
  - internal/sdk/models/operations/putflow.go
  - internal/sdk/models/operations/searchflows.go
  - internal/sdk/models/shared/automationexecution.go
  - internal/sdk/models/shared/triggereventmanual.go
  - internal/sdk/models/shared/apicallercontext.go
  - internal/sdk/models/shared/triggerevententityactivity.go
  - internal/sdk/models/shared/triggerevententityoperation.go
  - internal/sdk/models/shared/entityoperation.go
  - internal/sdk/models/shared/executionstatus.go
  - internal/sdk/models/shared/entityitemsnapshot.go
  - internal/sdk/models/shared/actioncondition.go
  - internal/sdk/models/shared/conditionstatement.go
  - internal/sdk/models/shared/anyaction.go
  - internal/sdk/models/shared/mapentityaction.go
  - internal/sdk/models/shared/retrystrategy.go
  - internal/sdk/models/shared/erroroutput.go
  - internal/sdk/models/shared/errordetail.go
  - internal/sdk/models/shared/errorcode.go
  - internal/sdk/models/shared/mapentityconfig.go
  - internal/sdk/models/shared/relationattribute.go
  - internal/sdk/models/shared/mappingconfigref.go
  - internal/sdk/models/shared/mappingattributev2.go
  - internal/sdk/models/shared/operationnode.go
  - internal/sdk/models/shared/operationobjectnode.go
  - internal/sdk/models/shared/mappingattribute.go
  - internal/sdk/models/shared/setvaluemapper.go
  - internal/sdk/models/shared/mappingattributemode.go
  - internal/sdk/models/shared/copyvaluemapper.go
  - internal/sdk/models/shared/appendvaluemapper.go
  - internal/sdk/models/shared/triggerworkflowaction.go
  - internal/sdk/models/shared/triggerworkflowconfig.go
  - internal/sdk/models/shared/assignuserstostep.go
  - internal/sdk/models/shared/triggerwebhookaction.go
  - internal/sdk/models/shared/triggerwebhookconfig.go
  - internal/sdk/models/shared/createdocumentaction.go
  - internal/sdk/models/shared/createdocumentconfig.go
  - internal/sdk/models/shared/sendemailaction.go
  - internal/sdk/models/shared/sendemailconfig.go
  - internal/sdk/models/shared/cartcheckoutaction.go
  - internal/sdk/models/shared/cartcheckoutconfig.go
  - internal/sdk/models/shared/automationaction.go
  - internal/sdk/models/shared/getexecutionsresp.go
  - internal/sdk/models/shared/resumereq.go
  - internal/sdk/models/shared/retryreq.go
  - internal/sdk/models/shared/startexecutionrequest.go
  - internal/sdk/models/shared/automationflow.go
  - internal/sdk/models/shared/anytrigger.go
  - internal/sdk/models/shared/frontendsubmittrigger.go
  - internal/sdk/models/shared/journeysubmittrigger.go
  - internal/sdk/models/shared/apisubmissiontrigger.go
  - internal/sdk/models/shared/entityoperationtrigger.go
  - internal/sdk/models/shared/equalsignorecasecondition.go
  - internal/sdk/models/shared/anythingbutcondition.go
  - internal/sdk/models/shared/existscondition.go
  - internal/sdk/models/shared/prefixcondition.go
  - internal/sdk/models/shared/suffixcondition.go
  - internal/sdk/models/shared/wildcardcondition.go
  - internal/sdk/models/shared/entitymanualtrigger.go
  - internal/sdk/models/shared/receivedemailtrigger.go
  - internal/sdk/models/shared/automationflowinput.go
  - internal/sdk/models/shared/searchautomationsresp.go
  - internal/sdk/models/shared/security.go
  - internal/sdk/.gitignore
  - internal/sdk/models/operations/options.go
  - internal/sdk/.gitattributes
  - internal/sdk/internal/hooks/registration.go
  - internal/sdk/internal/hooks/hooks.go
  - examples/README.md
  - go.mod
  - go.sum
  - internal/planmodifiers/boolplanmodifier/suppress_diff.go
  - internal/planmodifiers/float64planmodifier/suppress_diff.go
  - internal/planmodifiers/int64planmodifier/suppress_diff.go
  - internal/planmodifiers/listplanmodifier/suppress_diff.go
  - internal/planmodifiers/mapplanmodifier/suppress_diff.go
  - internal/planmodifiers/numberplanmodifier/suppress_diff.go
  - internal/planmodifiers/objectplanmodifier/suppress_diff.go
  - internal/planmodifiers/setplanmodifier/suppress_diff.go
  - internal/planmodifiers/stringplanmodifier/suppress_diff.go
  - internal/planmodifiers/utils/state_check.go
  - internal/provider/reflect/diags.go
  - internal/provider/reflect/doc.go
  - internal/provider/reflect/generic_attr_value.go
  - internal/provider/reflect/helpers.go
  - internal/provider/reflect/interfaces.go
  - internal/provider/reflect/into.go
  - internal/provider/reflect/map.go
  - internal/provider/reflect/number.go
  - internal/provider/reflect/options.go
  - internal/provider/reflect/outof.go
  - internal/provider/reflect/pointer.go
  - internal/provider/reflect/primitive.go
  - internal/provider/reflect/slice.go
  - internal/provider/reflect/struct.go
  - internal/provider/utils.go
  - internal/validators/DateValidator.go
  - internal/validators/ExactlyOneChild.go
  - internal/validators/JSONParseValidator.go
  - internal/validators/RFC3339Validator.go
  - internal/validators/boolvalidators/not_null.go
  - internal/validators/float64validators/not_null.go
  - internal/validators/int64validators/not_null.go
  - internal/validators/listvalidators/not_null.go
  - internal/validators/mapvalidators/not_null.go
  - internal/validators/numbervalidators/not_null.go
  - internal/validators/objectvalidators/not_null.go
  - internal/validators/setvalidators/not_null.go
  - internal/validators/stringvalidators/not_null.go
  - main.go
  - terraform-registry-manifest.json
  - tools/tools.go
  - internal/provider/types/source.go
  - internal/provider/types/condition_statement.go
  - internal/provider/types/action_condition.go
  - internal/provider/types/configuration.go
  - internal/provider/types/api_submission_trigger.go
  - internal/provider/types/entity_manual_trigger_configuration.go
  - internal/provider/types/entity_manual_trigger.go
  - internal/provider/types/file_config.go
  - internal/provider/types/ecp_config.go
  - internal/provider/types/anything_but_condition.go
  - internal/provider/types/equals_ignore_case_condition.go
  - internal/provider/types/exists_condition.go
  - internal/provider/types/prefix_condition.go
  - internal/provider/types/suffix_condition.go
  - internal/provider/types/wildcard_condition.go
  - internal/provider/types/entity_operation_trigger_schemas_type.go
  - internal/provider/types/activity.go
  - internal/provider/types/two.go
  - internal/provider/types/diff.go
  - internal/provider/types/entity_operation_trigger_operation.go
  - internal/provider/types/filter_config.go
  - internal/provider/types/entity_operation_trigger_configuration.go
  - internal/provider/types/entity_operation_trigger.go
  - internal/provider/types/frontend_submit_trigger.go
  - internal/provider/types/journey_submit_trigger_configuration.go
  - internal/provider/types/journey_submit_trigger.go
  - internal/provider/types/received_email_trigger_configuration.go
  - internal/provider/types/received_email_trigger.go
  - internal/provider/types/any_trigger.go
  - USAGE.md
  - internal/provider/provider.go
  - examples/provider/provider.tf
  - examples/resources/epilot-automation_flow/import.sh
  - internal/provider/flow_resource.go
  - internal/provider/flow_resource_sdk.go
  - examples/resources/epilot-automation_flow/resource.tf
  - internal/provider/flow_data_source.go
  - internal/provider/flow_data_source_sdk.go
  - examples/data-sources/epilot-automation_flow/data-source.tf
  - .gitattributes
