lockVersion: 2.0.0
id: 6df5dec4-6d34-4c07-99f4-b36e64bbb781
management:
  docChecksum: 89cdc222f20fdd86fd3eab395a4c9881
  docVersion: 1.0.0
  speakeasyVersion: internal
  generationVersion: 2.230.1
  releaseVersion: 0.2.16
  configChecksum: fc3985b42faadb150643b4defbb090d1
features:
  terraform:
    additionalProperties: 0.1.2
    constsAndDefaults: 0.1.2
    core: 3.8.1
    deprecations: 2.81.1
    globalSecurity: 2.81.2
    globalServerURLs: 2.82.1
    inputOutputModels: 2.83.0
    retries: 2.81.1
    unions: 2.81.7
generatedFiles:
  - internal/sdk/executions.go
  - internal/sdk/flows.go
  - internal/sdk/sdk.go
  - examples/README.md
  - go.mod
  - go.sum
  - internal/planmodifiers/boolplanmodifier/suppress_diff.go
  - internal/planmodifiers/float64planmodifier/suppress_diff.go
  - internal/planmodifiers/int64planmodifier/suppress_diff.go
  - internal/planmodifiers/listplanmodifier/suppress_diff.go
  - internal/planmodifiers/mapplanmodifier/suppress_diff.go
  - internal/planmodifiers/numberplanmodifier/suppress_diff.go
  - internal/planmodifiers/objectplanmodifier/suppress_diff.go
  - internal/planmodifiers/setplanmodifier/suppress_diff.go
  - internal/planmodifiers/stringplanmodifier/suppress_diff.go
  - internal/planmodifiers/utils/state_check.go
  - internal/provider/reflect/diags.go
  - internal/provider/reflect/doc.go
  - internal/provider/reflect/generic_attr_value.go
  - internal/provider/reflect/helpers.go
  - internal/provider/reflect/interfaces.go
  - internal/provider/reflect/into.go
  - internal/provider/reflect/map.go
  - internal/provider/reflect/number.go
  - internal/provider/reflect/options.go
  - internal/provider/reflect/outof.go
  - internal/provider/reflect/pointer.go
  - internal/provider/reflect/primitive.go
  - internal/provider/reflect/slice.go
  - internal/provider/reflect/struct.go
  - internal/provider/utils.go
  - internal/sdk/pkg/models/sdkerrors/sdkerror.go
  - internal/sdk/pkg/types/bigint.go
  - internal/sdk/pkg/types/date.go
  - internal/sdk/pkg/types/datetime.go
  - internal/sdk/pkg/types/decimal.go
  - internal/sdk/pkg/types/pointers.go
  - internal/sdk/pkg/utils/contenttype.go
  - internal/sdk/pkg/utils/form.go
  - internal/sdk/pkg/utils/headers.go
  - internal/sdk/pkg/utils/json.go
  - internal/sdk/pkg/utils/pathparams.go
  - internal/sdk/pkg/utils/queryparams.go
  - internal/sdk/pkg/utils/requestbody.go
  - internal/sdk/pkg/utils/retries.go
  - internal/sdk/pkg/utils/security.go
  - internal/sdk/pkg/utils/utils.go
  - internal/validators/DateValidator.go
  - internal/validators/ExactlyOneChild.go
  - internal/validators/JSONParseValidator.go
  - internal/validators/RFC3339Validator.go
  - internal/validators/boolvalidators/not_null.go
  - internal/validators/float64validators/not_null.go
  - internal/validators/int64validators/not_null.go
  - internal/validators/listvalidators/not_null.go
  - internal/validators/mapvalidators/not_null.go
  - internal/validators/numbervalidators/not_null.go
  - internal/validators/objectvalidators/not_null.go
  - internal/validators/setvalidators/not_null.go
  - internal/validators/stringvalidators/not_null.go
  - main.go
  - terraform-registry-manifest.json
  - tools/tools.go
  - internal/sdk/pkg/models/operations/cancelexecution.go
  - internal/sdk/pkg/models/operations/getexecution.go
  - internal/sdk/pkg/models/operations/getexecutions.go
  - internal/sdk/pkg/models/operations/retriggeraction.go
  - internal/sdk/pkg/models/operations/startexecution.go
  - internal/sdk/pkg/models/operations/createflow.go
  - internal/sdk/pkg/models/operations/deleteflow.go
  - internal/sdk/pkg/models/operations/getflow.go
  - internal/sdk/pkg/models/operations/putflow.go
  - internal/sdk/pkg/models/operations/searchflows.go
  - internal/sdk/pkg/models/shared/automationexecution.go
  - internal/sdk/pkg/models/shared/triggereventmanual.go
  - internal/sdk/pkg/models/shared/apicallercontext.go
  - internal/sdk/pkg/models/shared/triggerevententityactivity.go
  - internal/sdk/pkg/models/shared/triggerevententityoperation.go
  - internal/sdk/pkg/models/shared/entityoperation.go
  - internal/sdk/pkg/models/shared/executionstatus.go
  - internal/sdk/pkg/models/shared/entityitemsnapshot.go
  - internal/sdk/pkg/models/shared/anyaction.go
  - internal/sdk/pkg/models/shared/mapentityaction.go
  - internal/sdk/pkg/models/shared/retrystrategy.go
  - internal/sdk/pkg/models/shared/erroroutput.go
  - internal/sdk/pkg/models/shared/errordetail.go
  - internal/sdk/pkg/models/shared/errorcode.go
  - internal/sdk/pkg/models/shared/mapentityconfig.go
  - internal/sdk/pkg/models/shared/relationattribute.go
  - internal/sdk/pkg/models/shared/mappingconfigref.go
  - internal/sdk/pkg/models/shared/mappingattributev2.go
  - internal/sdk/pkg/models/shared/operationnode.go
  - internal/sdk/pkg/models/shared/operationobjectnode.go
  - internal/sdk/pkg/models/shared/mappingattribute.go
  - internal/sdk/pkg/models/shared/setvaluemapper.go
  - internal/sdk/pkg/models/shared/mappingattributemode.go
  - internal/sdk/pkg/models/shared/copyvaluemapper.go
  - internal/sdk/pkg/models/shared/appendvaluemapper.go
  - internal/sdk/pkg/models/shared/triggerworkflowaction.go
  - internal/sdk/pkg/models/shared/triggerworkflowconfig.go
  - internal/sdk/pkg/models/shared/assignuserstostep.go
  - internal/sdk/pkg/models/shared/triggerwebhookaction.go
  - internal/sdk/pkg/models/shared/triggerwebhookconfig.go
  - internal/sdk/pkg/models/shared/createdocumentaction.go
  - internal/sdk/pkg/models/shared/createdocumentconfig.go
  - internal/sdk/pkg/models/shared/sendemailaction.go
  - internal/sdk/pkg/models/shared/sendemailconfig.go
  - internal/sdk/pkg/models/shared/cartcheckoutaction.go
  - internal/sdk/pkg/models/shared/cartcheckoutconfig.go
  - internal/sdk/pkg/models/shared/automationaction.go
  - internal/sdk/pkg/models/shared/getexecutionsresp.go
  - internal/sdk/pkg/models/shared/retryreq.go
  - internal/sdk/pkg/models/shared/startexecutionrequest.go
  - internal/sdk/pkg/models/shared/automationflow.go
  - internal/sdk/pkg/models/shared/anytrigger.go
  - internal/sdk/pkg/models/shared/frontendsubmittrigger.go
  - internal/sdk/pkg/models/shared/journeysubmittrigger.go
  - internal/sdk/pkg/models/shared/apisubmissiontrigger.go
  - internal/sdk/pkg/models/shared/entityoperationtrigger.go
  - internal/sdk/pkg/models/shared/equalsignorecasecondition.go
  - internal/sdk/pkg/models/shared/anythingbutcondition.go
  - internal/sdk/pkg/models/shared/existscondition.go
  - internal/sdk/pkg/models/shared/prefixcondition.go
  - internal/sdk/pkg/models/shared/suffixcondition.go
  - internal/sdk/pkg/models/shared/wildcardcondition.go
  - internal/sdk/pkg/models/shared/activitytrigger.go
  - internal/sdk/pkg/models/shared/entitymanualtrigger.go
  - internal/sdk/pkg/models/shared/receivedemailtrigger.go
  - internal/sdk/pkg/models/shared/automationflowinput.go
  - internal/sdk/pkg/models/shared/searchautomationsresp.go
  - internal/sdk/pkg/models/shared/security.go
  - internal/provider/type_configuration.go
  - internal/provider/type_activity_trigger.go
  - internal/provider/type_api_submission_trigger_configuration.go
  - internal/provider/type_api_submission_trigger.go
  - internal/provider/type_entity_manual_trigger_configuration.go
  - internal/provider/type_entity_manual_trigger.go
  - internal/provider/type_anything_but_condition.go
  - internal/provider/type_equals_ignore_case_condition.go
  - internal/provider/type_exists_condition.go
  - internal/provider/type_prefix_condition.go
  - internal/provider/type_suffix_condition.go
  - internal/provider/type_wildcard_condition.go
  - internal/provider/type_entity_operation_trigger_schemas_type.go
  - internal/provider/type_activity.go
  - internal/provider/type_two.go
  - internal/provider/type_diff.go
  - internal/provider/type_operation.go
  - internal/provider/type_filter_config.go
  - internal/provider/type_entity_operation_trigger_configuration.go
  - internal/provider/type_entity_operation_trigger.go
  - internal/provider/type_frontend_submit_trigger.go
  - internal/provider/type_journey_submit_trigger_configuration.go
  - internal/provider/type_journey_submit_trigger.go
  - internal/provider/type_received_email_trigger_configuration.go
  - internal/provider/type_received_email_trigger.go
  - internal/provider/type_any_trigger.go
  - USAGE.md
  - internal/provider/provider.go
  - examples/provider/provider.tf
  - internal/provider/flow_resource.go
  - internal/provider/flow_resource_sdk.go
  - examples/resources/epilot-automation_flow/resource.tf
  - internal/provider/flow_data_source.go
  - internal/provider/flow_data_source_sdk.go
  - examples/data-sources/epilot-automation_flow/data-source.tf
  - internal/sdk/pkg/models/operations/options.go
  - .gitattributes
